// !$*UTF8*$!
{
	archiveVersion = 1;
	classes = {
	};
	objectVersion = 56;
	objects = {

/* Begin PBXBuildFile section */
		6D27E9FE2AC71AFC0091D369 /* HomeVC.xib in Resources */ = {isa = PBXBuildFile; fileRef = 6D27E9FD2AC71AFC0091D369 /* HomeVC.xib */; };
		6D27EA002AC71B0E0091D369 /* HomeVC.swift in Sources */ = {isa = PBXBuildFile; fileRef = 6D27E9FF2AC71B0E0091D369 /* HomeVC.swift */; };
		6D27EA022AC71C700091D369 /* Navbar.swift in Sources */ = {isa = PBXBuildFile; fileRef = 6D27EA012AC71C700091D369 /* Navbar.swift */; };
		6DF07BA52AC7124500D027FE /* AppDelegate.swift in Sources */ = {isa = PBXBuildFile; fileRef = 6DF07BA42AC7124500D027FE /* AppDelegate.swift */; };
		6DF07BA72AC7124500D027FE /* SceneDelegate.swift in Sources */ = {isa = PBXBuildFile; fileRef = 6DF07BA62AC7124500D027FE /* SceneDelegate.swift */; };
		6DF07BAE2AC7124500D027FE /* Assets.xcassets in Resources */ = {isa = PBXBuildFile; fileRef = 6DF07BAD2AC7124500D027FE /* Assets.xcassets */; };
		6DF07BB12AC7124500D027FE /* LaunchScreen.storyboard in Resources */ = {isa = PBXBuildFile; fileRef = 6DF07BAF2AC7124500D027FE /* LaunchScreen.storyboard */; };
		6DF620A02AC737A500A3CC55 /* ProductVC.swift in Sources */ = {isa = PBXBuildFile; fileRef = 6DF6209F2AC737A500A3CC55 /* ProductVC.swift */; };
		6DF620A22AC737D200A3CC55 /* ProductVC.xib in Resources */ = {isa = PBXBuildFile; fileRef = 6DF620A12AC737D200A3CC55 /* ProductVC.xib */; };
/* End PBXBuildFile section */

/* Begin PBXFileReference section */
		6D27E9FD2AC71AFC0091D369 /* HomeVC.xib */ = {isa = PBXFileReference; lastKnownFileType = file.xib; path = HomeVC.xib; sourceTree = "<group>"; };
		6D27E9FF2AC71B0E0091D369 /* HomeVC.swift */ = {isa = PBXFileReference; lastKnownFileType = sourcecode.swift; path = HomeVC.swift; sourceTree = "<group>"; };
		6D27EA012AC71C700091D369 /* Navbar.swift */ = {isa = PBXFileReference; lastKnownFileType = sourcecode.swift; path = Navbar.swift; sourceTree = "<group>"; };
		6DF07BA12AC7124500D027FE /* furniture.app */ = {isa = PBXFileReference; explicitFileType = wrapper.application; includeInIndex = 0; path = furniture.app; sourceTree = BUILT_PRODUCTS_DIR; };
		6DF07BA42AC7124500D027FE /* AppDelegate.swift */ = {isa = PBXFileReference; lastKnownFileType = sourcecode.swift; path = AppDelegate.swift; sourceTree = "<group>"; };
		6DF07BA62AC7124500D027FE /* SceneDelegate.swift */ = {isa = PBXFileReference; lastKnownFileType = sourcecode.swift; path = SceneDelegate.swift; sourceTree = "<group>"; };
		6DF07BAD2AC7124500D027FE /* Assets.xcassets */ = {isa = PBXFileReference; lastKnownFileType = folder.assetcatalog; path = Assets.xcassets; sourceTree = "<group>"; };
		6DF07BB02AC7124500D027FE /* Base */ = {isa = PBXFileReference; lastKnownFileType = file.storyboard; name = Base; path = Base.lproj/LaunchScreen.storyboard; sourceTree = "<group>"; };
		6DF07BB22AC7124500D027FE /* Info.plist */ = {isa = PBXFileReference; lastKnownFileType = text.plist.xml; path = Info.plist; sourceTree = "<group>"; };
		6DF6209F2AC737A500A3CC55 /* ProductVC.swift */ = {isa = PBXFileReference; lastKnownFileType = sourcecode.swift; path = ProductVC.swift; sourceTree = "<group>"; };
		6DF620A12AC737D200A3CC55 /* ProductVC.xib */ = {isa = PBXFileReference; lastKnownFileType = file.xib; path = ProductVC.xib; sourceTree = "<group>"; };
/* End PBXFileReference section */

/* Begin PBXFrameworksBuildPhase section */
		6DF07B9E2AC7124500D027FE /* Frameworks */ = {
			isa = PBXFrameworksBuildPhase;
			buildActionMask = 2147483647;
			files = (
			);
			runOnlyForDeploymentPostprocessing = 0;
		};
/* End PBXFrameworksBuildPhase section */

/* Begin PBXGroup section */
		6DF07B982AC7124500D027FE = {
			isa = PBXGroup;
			children = (
				6DF07BA32AC7124500D027FE /* furniture */,
				6DF07BA22AC7124500D027FE /* Products */,
			);
			sourceTree = "<group>";
		};
		6DF07BA22AC7124500D027FE /* Products */ = {
			isa = PBXGroup;
			children = (
				6DF07BA12AC7124500D027FE /* furniture.app */,
			);
			name = Products;
			sourceTree = "<group>";
		};
		6DF07BA32AC7124500D027FE /* furniture */ = {
			isa = PBXGroup;
			children = (
				6DF07BBD2AC7190E00D027FE /* View */,
				6DF07BBC2AC7190300D027FE /* Controller */,
				6DF07BBB2AC718B700D027FE /* Model */,
				6DF07BA42AC7124500D027FE /* AppDelegate.swift */,
				6DF07BA62AC7124500D027FE /* SceneDelegate.swift */,
				6DF07BAD2AC7124500D027FE /* Assets.xcassets */,
				6DF07BAF2AC7124500D027FE /* LaunchScreen.storyboard */,
				6DF07BB22AC7124500D027FE /* Info.plist */,
			);
			path = furniture;
			sourceTree = "<group>";
		};
		6DF07BBB2AC718B700D027FE /* Model */ = {
			isa = PBXGroup;
			children = (
				6D27EA012AC71C700091D369 /* Navbar.swift */,
			);
			path = Model;
			sourceTree = "<group>";
		};
		6DF07BBC2AC7190300D027FE /* Controller */ = {
			isa = PBXGroup;
			children = (
			);
			path = Controller;
			sourceTree = "<group>";
		};
		6DF07BBD2AC7190E00D027FE /* View */ = {
			isa = PBXGroup;
			children = (
				6DF6209E2AC7379500A3CC55 /* Product */,
				6DF6209D2AC7377400A3CC55 /* Homepage */,
			);
			path = View;
			sourceTree = "<group>";
		};
		6DF6209D2AC7377400A3CC55 /* Homepage */ = {
			isa = PBXGroup;
			children = (
				6D27E9FD2AC71AFC0091D369 /* HomeVC.xib */,
				6D27E9FF2AC71B0E0091D369 /* HomeVC.swift */,
			);
			path = Homepage;
			sourceTree = "<group>";
		};
		6DF6209E2AC7379500A3CC55 /* Product */ = {
			isa = PBXGroup;
			children = (
				6DF6209F2AC737A500A3CC55 /* ProductVC.swift */,
				6DF620A12AC737D200A3CC55 /* ProductVC.xib */,
			);
			path = Product;
			sourceTree = "<group>";
		};
/* End PBXGroup section */

/* Begin PBXNativeTarget section */
		6DF07BA02AC7124500D027FE /* furniture */ = {
			isa = PBXNativeTarget;
			buildConfigurationList = 6DF07BB52AC7124500D027FE /* Build configuration list for PBXNativeTarget "furniture" */;
			buildPhases = (
				6DF07B9D2AC7124500D027FE /* Sources */,
				6DF07B9E2AC7124500D027FE /* Frameworks */,
				6DF07B9F2AC7124500D027FE /* Resources */,
			);
			buildRules = (
			);
			dependencies = (
			);
			name = furniture;
			productName = furniture;
			productReference = 6DF07BA12AC7124500D027FE /* furniture.app */;
			productType = "com.apple.product-type.application";
		};
/* End PBXNativeTarget section */

/* Begin PBXProject section */
		6DF07B992AC7124500D027FE /* Project object */ = {
			isa = PBXProject;
			attributes = {
				BuildIndependentTargetsInParallel = 1;
				LastSwiftUpdateCheck = 1410;
				LastUpgradeCheck = 1410;
				TargetAttributes = {
					6DF07BA02AC7124500D027FE = {
						CreatedOnToolsVersion = 14.1;
					};
				};
			};
			buildConfigurationList = 6DF07B9C2AC7124500D027FE /* Build configuration list for PBXProject "furniture" */;
			compatibilityVersion = "Xcode 14.0";
			developmentRegion = en;
			hasScannedForEncodings = 0;
			knownRegions = (
				en,
				Base,
			);
			mainGroup = 6DF07B982AC7124500D027FE;
			productRefGroup = 6DF07BA22AC7124500D027FE /* Products */;
			projectDirPath = "";
			projectRoot = "";
			targets = (
				6DF07BA02AC7124500D027FE /* furniture */,
			);
		};
/* End PBXProject section */

/* Begin PBXResourcesBuildPhase section */
		6DF07B9F2AC7124500D027FE /* Resources */ = {
			isa = PBXResourcesBuildPhase;
			buildActionMask = 2147483647;
			files = (
				6DF620A22AC737D200A3CC55 /* ProductVC.xib in Resources */,
				6DF07BB12AC7124500D027FE /* LaunchScreen.storyboard in Resources */,
				6D27E9FE2AC71AFC0091D369 /* HomeVC.xib in Resources */,
				6DF07BAE2AC7124500D027FE /* Assets.xcassets in Resources */,
			);
			runOnlyForDeploymentPostprocessing = 0;
		};
/* End PBXResourcesBuildPhase section */

/* Begin PBXSourcesBuildPhase section */
		6DF07B9D2AC7124500D027FE /* Sources */ = {
			isa = PBXSourcesBuildPhase;
			buildActionMask = 2147483647;
			files = (
				6D27EA002AC71B0E0091D369 /* HomeVC.swift in Sources */,
				6D27EA022AC71C700091D369 /* Navbar.swift in Sources */,
				6DF07BA52AC7124500D027FE /* AppDelegate.swift in Sources */,
				6DF620A02AC737A500A3CC55 /* ProductVC.swift in Sources */,
				6DF07BA72AC7124500D027FE /* SceneDelegate.swift in Sources */,
			);
			runOnlyForDeploymentPostprocessing = 0;
		};
/* End PBXSourcesBuildPhase section */

/* Begin PBXVariantGroup section */
		6DF07BAF2AC7124500D027FE /* LaunchScreen.storyboard */ = {
			isa = PBXVariantGroup;
			children = (
				6DF07BB02AC7124500D027FE /* Base */,
			);
			name = LaunchScreen.storyboard;
			sourceTree = "<group>";
		};
/* End PBXVariantGroup section */

/* Begin XCBuildConfiguration section */
		6DF07BB32AC7124500D027FE /* Debug */ = {
			isa = XCBuildConfiguration;
			buildSettings = {
				ALWAYS_SEARCH_USER_PATHS = NO;
				CLANG_ANALYZER_NONNULL = YES;
				CLANG_ANALYZER_NUMBER_OBJECT_CONVERSION = YES_AGGRESSIVE;
				CLANG_CXX_LANGUAGE_STANDARD = "gnu++20";
				CLANG_ENABLE_MODULES = YES;
				CLANG_ENABLE_OBJC_ARC = YES;
				CLANG_ENABLE_OBJC_WEAK = YES;
				CLANG_WARN_BLOCK_CAPTURE_AUTORELEASING = YES;
				CLANG_WARN_BOOL_CONVERSION = YES;
				CLANG_WARN_COMMA = YES;
				CLANG_WARN_CONSTANT_CONVERSION = YES;
				CLANG_WARN_DEPRECATED_OBJC_IMPLEMENTATIONS = YES;
				CLANG_WARN_DIRECT_OBJC_ISA_USAGE = YES_ERROR;
				CLANG_WARN_DOCUMENTATION_COMMENTS = YES;
				CLANG_WARN_EMPTY_BODY = YES;
				CLANG_WARN_ENUM_CONVERSION = YES;
				CLANG_WARN_INFINITE_RECURSION = YES;
				CLANG_WARN_INT_CONVERSION = YES;
				CLANG_WARN_NON_LITERAL_NULL_CONVERSION = YES;
				CLANG_WARN_OBJC_IMPLICIT_RETAIN_SELF = YES;
				CLANG_WARN_OBJC_LITERAL_CONVERSION = YES;
				CLANG_WARN_OBJC_ROOT_CLASS = YES_ERROR;
				CLANG_WARN_QUOTED_INCLUDE_IN_FRAMEWORK_HEADER = YES;
				CLANG_WARN_RANGE_LOOP_ANALYSIS = YES;
				CLANG_WARN_STRICT_PROTOTYPES = YES;
				CLANG_WARN_SUSPICIOUS_MOVE = YES;
				CLANG_WARN_UNGUARDED_AVAILABILITY = YES_AGGRESSIVE;
				CLANG_WARN_UNREACHABLE_CODE = YES;
				CLANG_WARN__DUPLICATE_METHOD_MATCH = YES;
				COPY_PHASE_STRIP = NO;
				DEBUG_INFORMATION_FORMAT = dwarf;
				ENABLE_STRICT_OBJC_MSGSEND = YES;
				ENABLE_TESTABILITY = YES;
				GCC_C_LANGUAGE_STANDARD = gnu11;
				GCC_DYNAMIC_NO_PIC = NO;
				GCC_NO_COMMON_BLOCKS = YES;
				GCC_OPTIMIZATION_LEVEL = 0;
				GCC_PREPROCESSOR_DEFINITIONS = (
					"DEBUG=1",
					"$(inherited)",
				);
				GCC_WARN_64_TO_32_BIT_CONVERSION = YES;
				GCC_WARN_ABOUT_RETURN_TYPE = YES_ERROR;
				GCC_WARN_UNDECLARED_SELECTOR = YES;
				GCC_WARN_UNINITIALIZED_AUTOS = YES_AGGRESSIVE;
				GCC_WARN_UNUSED_FUNCTION = YES;
				GCC_WARN_UNUSED_VARIABLE = YES;
				IPHONEOS_DEPLOYMENT_TARGET = 16.1;
				MTL_ENABLE_DEBUG_INFO = INCLUDE_SOURCE;
				MTL_FAST_MATH = YES;
				ONLY_ACTIVE_ARCH = YES;
				SDKROOT = iphoneos;
				SWIFT_ACTIVE_COMPILATION_CONDITIONS = DEBUG;
				SWIFT_OPTIMIZATION_LEVEL = "-Onone";
			};
			name = Debug;
		};
		6DF07BB42AC7124500D027FE /* Release */ = {
			isa = XCBuildConfiguration;
			buildSettings = {
				ALWAYS_SEARCH_USER_PATHS = NO;
				CLANG_ANALYZER_NONNULL = YES;
				CLANG_ANALYZER_NUMBER_OBJECT_CONVERSION = YES_AGGRESSIVE;
				CLANG_CXX_LANGUAGE_STANDARD = "gnu++20";
				CLANG_ENABLE_MODULES = YES;
				CLANG_ENABLE_OBJC_ARC = YES;
				CLANG_ENABLE_OBJC_WEAK = YES;
				CLANG_WARN_BLOCK_CAPTURE_AUTORELEASING = YES;
				CLANG_WARN_BOOL_CONVERSION = YES;
				CLANG_WARN_COMMA = YES;
				CLANG_WARN_CONSTANT_CONVERSION = YES;
				CLANG_WARN_DEPRECATED_OBJC_IMPLEMENTATIONS = YES;
				CLANG_WARN_DIRECT_OBJC_ISA_USAGE = YES_ERROR;
				CLANG_WARN_DOCUMENTATION_COMMENTS = YES;
				CLANG_WARN_EMPTY_BODY = YES;
				CLANG_WARN_ENUM_CONVERSION = YES;
				CLANG_WARN_INFINITE_RECURSION = YES;
				CLANG_WARN_INT_CONVERSION = YES;
				CLANG_WARN_NON_LITERAL_NULL_CONVERSION = YES;
				CLANG_WARN_OBJC_IMPLICIT_RETAIN_SELF = YES;
				CLANG_WARN_OBJC_LITERAL_CONVERSION = YES;
				CLANG_WARN_OBJC_ROOT_CLASS = YES_ERROR;
				CLANG_WARN_QUOTED_INCLUDE_IN_FRAMEWORK_HEADER = YES;
				CLANG_WARN_RANGE_LOOP_ANALYSIS = YES;
				CLANG_WARN_STRICT_PROTOTYPES = YES;
				CLANG_WARN_SUSPICIOUS_MOVE = YES;
				CLANG_WARN_UNGUARDED_AVAILABILITY = YES_AGGRESSIVE;
				CLANG_WARN_UNREACHABLE_CODE = YES;
				CLANG_WARN__DUPLICATE_METHOD_MATCH = YES;
				COPY_PHASE_STRIP = NO;
				DEBUG_INFORMATION_FORMAT = "dwarf-with-dsym";
				ENABLE_NS_ASSERTIONS = NO;
				ENABLE_STRICT_OBJC_MSGSEND = YES;
				GCC_C_LANGUAGE_STANDARD = gnu11;
				GCC_NO_COMMON_BLOCKS = YES;
				GCC_WARN_64_TO_32_BIT_CONVERSION = YES;
				GCC_WARN_ABOUT_RETURN_TYPE = YES_ERROR;
				GCC_WARN_UNDECLARED_SELECTOR = YES;
				GCC_WARN_UNINITIALIZED_AUTOS = YES_AGGRESSIVE;
				GCC_WARN_UNUSED_FUNCTION = YES;
				GCC_WARN_UNUSED_VARIABLE = YES;
				IPHONEOS_DEPLOYMENT_TARGET = 16.1;
				MTL_ENABLE_DEBUG_INFO = NO;
				MTL_FAST_MATH = YES;
				SDKROOT = iphoneos;
				SWIFT_COMPILATION_MODE = wholemodule;
				SWIFT_OPTIMIZATION_LEVEL = "-O";
				VALIDATE_PRODUCT = YES;
			};
			name = Release;
		};
		6DF07BB62AC7124500D027FE /* Debug */ = {
			isa = XCBuildConfiguration;
			buildSettings = {
				ASSETCATALOG_COMPILER_APPICON_NAME = AppIcon;
				ASSETCATALOG_COMPILER_GLOBAL_ACCENT_COLOR_NAME = AccentColor;
				CODE_SIGN_STYLE = Automatic;
				CURRENT_PROJECT_VERSION = 1;
				GENERATE_INFOPLIST_FILE = YES;
				INFOPLIST_FILE = furniture/Info.plist;
				INFOPLIST_KEY_UIApplicationSupportsIndirectInputEvents = YES;
				INFOPLIST_KEY_UILaunchStoryboardName = LaunchScreen;
				INFOPLIST_KEY_UISupportedInterfaceOrientations_iPad = "UIInterfaceOrientationPortrait UIInterfaceOrientationPortraitUpsideDown UIInterfaceOrientationLandscapeLeft UIInterfaceOrientationLandscapeRight";
				INFOPLIST_KEY_UISupportedInterfaceOrientations_iPhone = "UIInterfaceOrientationPortrait UIInterfaceOrientationLandscapeLeft UIInterfaceOrientationLandscapeRight";
				IPHONEOS_DEPLOYMENT_TARGET = 15.0;
				LD_RUNPATH_SEARCH_PATHS = (
					"$(inherited)",
					"@executable_path/Frameworks",
				);
				MARKETING_VERSION = 1.0;
				PRODUCT_BUNDLE_IDENTIFIER = mnrjaman.furniture;
				PRODUCT_NAME = "$(TARGET_NAME)";
				SUPPORTED_PLATFORMS = "iphoneos iphonesimulator";
				SUPPORTS_MACCATALYST = NO;
				SUPPORTS_MAC_DESIGNED_FOR_IPHONE_IPAD = NO;
				SWIFT_EMIT_LOC_STRINGS = YES;
				SWIFT_VERSION = 5.0;
				TARGETED_DEVICE_FAMILY = 1;
			};
			name = Debug;
		};
		6DF07BB72AC7124500D027FE /* Release */ = {
			isa = XCBuildConfiguration;
			buildSettings = {
				ASSETCATALOG_COMPILER_APPICON_NAME = AppIcon;
				ASSETCATALOG_COMPILER_GLOBAL_ACCENT_COLOR_NAME = AccentColor;
				CODE_SIGN_STYLE = Automatic;
				CURRENT_PROJECT_VERSION = 1;
				GENERATE_INFOPLIST_FILE = YES;
				INFOPLIST_FILE = furniture/Info.plist;
				INFOPLIST_KEY_UIApplicationSupportsIndirectInputEvents = YES;
				INFOPLIST_KEY_UILaunchStoryboardName = LaunchScreen;
				INFOPLIST_KEY_UISupportedInterfaceOrientations_iPad = "UIInterfaceOrientationPortrait UIInterfaceOrientationPortraitUpsideDown UIInterfaceOrientationLandscapeLeft UIInterfaceOrientationLandscapeRight";
				INFOPLIST_KEY_UISupportedInterfaceOrientations_iPhone = "UIInterfaceOrientationPortrait UIInterfaceOrientationLandscapeLeft UIInterfaceOrientationLandscapeRight";
				IPHONEOS_DEPLOYMENT_TARGET = 15.0;
				LD_RUNPATH_SEARCH_PATHS = (
					"$(inherited)",
					"@executable_path/Frameworks",
				);
				MARKETING_VERSION = 1.0;
				PRODUCT_BUNDLE_IDENTIFIER = mnrjaman.furniture;
				PRODUCT_NAME = "$(TARGET_NAME)";
				SUPPORTED_PLATFORMS = "iphoneos iphonesimulator";
				SUPPORTS_MACCATALYST = NO;
				SUPPORTS_MAC_DESIGNED_FOR_IPHONE_IPAD = NO;
				SWIFT_EMIT_LOC_STRINGS = YES;
				SWIFT_VERSION = 5.0;
				TARGETED_DEVICE_FAMILY = 1;
			};
			name = Release;
		};
/* End XCBuildConfiguration section */

/* Begin XCConfigurationList section */
		6DF07B9C2AC7124500D027FE /* Build configuration list for PBXProject "furniture" */ = {
			isa = XCConfigurationList;
			buildConfigurations = (
				6DF07BB32AC7124500D027FE /* Debug */,
				6DF07BB42AC7124500D027FE /* Release */,
			);
			defaultConfigurationIsVisible = 0;
			defaultConfigurationName = Release;
		};
		6DF07BB52AC7124500D027FE /* Build configuration list for PBXNativeTarget "furniture" */ = {
			isa = XCConfigurationList;
			buildConfigurations = (
				6DF07BB62AC7124500D027FE /* Debug */,
				6DF07BB72AC7124500D027FE /* Release */,
			);
			defaultConfigurationIsVisible = 0;
			defaultConfigurationName = Release;
		};
/* End XCConfigurationList section */
	};
	rootObject = 6DF07B992AC7124500D027FE /* Project object */;
}
